
Microsoft Visual Studio Solution File, Format Version 12.00
# Visual Studio Version 17
VisualStudioVersion = 17.1.32210.238
MinimumVisualStudioVersion = 10.0.40219.1
Project("{FAE04EC0-301F-11D3-BF4B-00C04F79EFBC}") = "Homework_8", "Homework_8\Homework_8.csproj", "{6290C088-3599-4989-81F9-A9E696D4311D}"
EndProject
Global
	GlobalSection(SolutionConfigurationPlatforms) = preSolution
		Debug|Any CPU = Debug|Any CPU
		Release|Any CPU = Release|Any CPU
	EndGlobalSection
	GlobalSection(ProjectConfigurationPlatforms) = postSolution
		{6290C088-3599-4989-81F9-A9E696D4311D}.Debug|Any CPU.ActiveCfg = Debug|Any CPU
		{6290C088-3599-4989-81F9-A9E696D4311D}.Debug|Any CPU.Build.0 = Debug|Any CPU
		{6290C088-3599-4989-81F9-A9E696D4311D}.Release|Any CPU.ActiveCfg = Release|Any CPU
		{6290C088-3599-4989-81F9-A9E696D4311D}.Release|Any CPU.Build.0 = Release|Any CPU
	EndGlobalSection
	GlobalSection(SolutionProperties) = preSolution
		HideSolutionNode = FALSE
	EndGlobalSection
	GlobalSection(ExtensibilityGlobals) = postSolution
		SolutionGuid = {1F4A79CD-AE98-40D6-B594-06A0B1812771}
	EndGlobalSection
EndGlobal
